
Microsoft Visual Studio Solution File, Format Version 12.00
# Visual Studio 15
VisualStudioVersion = 15.0.26430.16
MinimumVisualStudioVersion = 10.0.40219.1
Project("{FAE04EC0-301F-11D3-BF4B-00C04F79EFBC}") = "Tuples", "Tuples\Tuples.csproj", "{F9BF4969-4A1E-4469-8586-ED767ADD5A23}"
EndProject
Project("{FAE04EC0-301F-11D3-BF4B-00C04F79EFBC}") = "PatternMatching", "PatternMatching\PatternMatching.csproj", "{13F5C9F5-2D42-4CF8-8CD3-6B62E9ECB457}"
EndProject
Project("{FAE04EC0-301F-11D3-BF4B-00C04F79EFBC}") = "RefReturns", "RefReturns\RefReturns.csproj", "{F6B3E83D-F592-4544-A516-3DF5AD692A2F}"
EndProject
Project("{FAE04EC0-301F-11D3-BF4B-00C04F79EFBC}") = "OutVariables", "OutVariables\OutVariables.csproj", "{0C850E30-2562-4CE1-A269-D991B97FA4DC}"
EndProject
Project("{FAE04EC0-301F-11D3-BF4B-00C04F79EFBC}") = "ExpressionBodiedMembers", "ExpressionBodiedMembers\ExpressionBodiedMembers.csproj", "{5812AD3E-A91B-4640-BD20-930ABB54D67C}"
EndProject
Project("{FAE04EC0-301F-11D3-BF4B-00C04F79EFBC}") = "LocalFunctions", "LocalFunctions\LocalFunctions.csproj", "{162E8B59-F42E-4907-8BF4-E38FB89B03F1}"
EndProject
Project("{FAE04EC0-301F-11D3-BF4B-00C04F79EFBC}") = "DigitSeparators", "DigitSeparators\DigitSeparators.csproj", "{6C73A4FD-4D51-435F-878A-5AB1C8260A26}"
EndProject
Project("{FAE04EC0-301F-11D3-BF4B-00C04F79EFBC}") = "BinaryLiterals", "BinaryLiterals\BinaryLiterals.csproj", "{132B8C51-2647-4A84-8997-F810509C3A1E}"
EndProject
Project("{FAE04EC0-301F-11D3-BF4B-00C04F79EFBC}") = "ThrowExpressions", "ThrowExpressions\ThrowExpressions.csproj", "{7822AE8E-54EC-4A1E-8F25-7C3C0ECD51C3}"
EndProject
Global
	GlobalSection(SolutionConfigurationPlatforms) = preSolution
		Debug|Any CPU = Debug|Any CPU
		Release|Any CPU = Release|Any CPU
	EndGlobalSection
	GlobalSection(ProjectConfigurationPlatforms) = postSolution
		{F9BF4969-4A1E-4469-8586-ED767ADD5A23}.Debug|Any CPU.ActiveCfg = Debug|Any CPU
		{F9BF4969-4A1E-4469-8586-ED767ADD5A23}.Debug|Any CPU.Build.0 = Debug|Any CPU
		{F9BF4969-4A1E-4469-8586-ED767ADD5A23}.Release|Any CPU.ActiveCfg = Release|Any CPU
		{F9BF4969-4A1E-4469-8586-ED767ADD5A23}.Release|Any CPU.Build.0 = Release|Any CPU
		{13F5C9F5-2D42-4CF8-8CD3-6B62E9ECB457}.Debug|Any CPU.ActiveCfg = Debug|Any CPU
		{13F5C9F5-2D42-4CF8-8CD3-6B62E9ECB457}.Debug|Any CPU.Build.0 = Debug|Any CPU
		{13F5C9F5-2D42-4CF8-8CD3-6B62E9ECB457}.Release|Any CPU.ActiveCfg = Release|Any CPU
		{13F5C9F5-2D42-4CF8-8CD3-6B62E9ECB457}.Release|Any CPU.Build.0 = Release|Any CPU
		{F6B3E83D-F592-4544-A516-3DF5AD692A2F}.Debug|Any CPU.ActiveCfg = Debug|Any CPU
		{F6B3E83D-F592-4544-A516-3DF5AD692A2F}.Debug|Any CPU.Build.0 = Debug|Any CPU
		{F6B3E83D-F592-4544-A516-3DF5AD692A2F}.Release|Any CPU.ActiveCfg = Release|Any CPU
		{F6B3E83D-F592-4544-A516-3DF5AD692A2F}.Release|Any CPU.Build.0 = Release|Any CPU
		{0C850E30-2562-4CE1-A269-D991B97FA4DC}.Debug|Any CPU.ActiveCfg = Debug|Any CPU
		{0C850E30-2562-4CE1-A269-D991B97FA4DC}.Debug|Any CPU.Build.0 = Debug|Any CPU
		{0C850E30-2562-4CE1-A269-D991B97FA4DC}.Release|Any CPU.ActiveCfg = Release|Any CPU
		{0C850E30-2562-4CE1-A269-D991B97FA4DC}.Release|Any CPU.Build.0 = Release|Any CPU
		{5812AD3E-A91B-4640-BD20-930ABB54D67C}.Debug|Any CPU.ActiveCfg = Debug|Any CPU
		{5812AD3E-A91B-4640-BD20-930ABB54D67C}.Debug|Any CPU.Build.0 = Debug|Any CPU
		{5812AD3E-A91B-4640-BD20-930ABB54D67C}.Release|Any CPU.ActiveCfg = Release|Any CPU
		{5812AD3E-A91B-4640-BD20-930ABB54D67C}.Release|Any CPU.Build.0 = Release|Any CPU
		{162E8B59-F42E-4907-8BF4-E38FB89B03F1}.Debug|Any CPU.ActiveCfg = Debug|Any CPU
		{162E8B59-F42E-4907-8BF4-E38FB89B03F1}.Debug|Any CPU.Build.0 = Debug|Any CPU
		{162E8B59-F42E-4907-8BF4-E38FB89B03F1}.Release|Any CPU.ActiveCfg = Release|Any CPU
		{162E8B59-F42E-4907-8BF4-E38FB89B03F1}.Release|Any CPU.Build.0 = Release|Any CPU
		{6C73A4FD-4D51-435F-878A-5AB1C8260A26}.Debug|Any CPU.ActiveCfg = Debug|Any CPU
		{6C73A4FD-4D51-435F-878A-5AB1C8260A26}.Debug|Any CPU.Build.0 = Debug|Any CPU
		{6C73A4FD-4D51-435F-878A-5AB1C8260A26}.Release|Any CPU.ActiveCfg = Release|Any CPU
		{6C73A4FD-4D51-435F-878A-5AB1C8260A26}.Release|Any CPU.Build.0 = Release|Any CPU
		{132B8C51-2647-4A84-8997-F810509C3A1E}.Debug|Any CPU.ActiveCfg = Debug|Any CPU
		{132B8C51-2647-4A84-8997-F810509C3A1E}.Debug|Any CPU.Build.0 = Debug|Any CPU
		{132B8C51-2647-4A84-8997-F810509C3A1E}.Release|Any CPU.ActiveCfg = Release|Any CPU
		{132B8C51-2647-4A84-8997-F810509C3A1E}.Release|Any CPU.Build.0 = Release|Any CPU
		{7822AE8E-54EC-4A1E-8F25-7C3C0ECD51C3}.Debug|Any CPU.ActiveCfg = Debug|Any CPU
		{7822AE8E-54EC-4A1E-8F25-7C3C0ECD51C3}.Debug|Any CPU.Build.0 = Debug|Any CPU
		{7822AE8E-54EC-4A1E-8F25-7C3C0ECD51C3}.Release|Any CPU.ActiveCfg = Release|Any CPU
		{7822AE8E-54EC-4A1E-8F25-7C3C0ECD51C3}.Release|Any CPU.Build.0 = Release|Any CPU
	EndGlobalSection
	GlobalSection(SolutionProperties) = preSolution
		HideSolutionNode = FALSE
	EndGlobalSection
EndGlobal
